
Microsoft Visual Studio Solution File, Format Version 12.00
# Visual Studio Version 17
VisualStudioVersion = 17.5.33502.453
MinimumVisualStudioVersion = 10.0.40219.1
Project("{FAE04EC0-301F-11D3-BF4B-00C04F79EFBC}") = "ArrayTools", "ArrayTools\ArrayTools.csproj", "{DF06E456-0BE4-4C06-8B1E-7737E3C8BB67}"
EndProject
Project("{FAE04EC0-301F-11D3-BF4B-00C04F79EFBC}") = "ArrayToolsTest", "ArrayToolsTest\ArrayToolsTest.csproj", "{3A628943-002F-474F-A049-BDF0D7328CBE}"
EndProject
Global
	GlobalSection(SolutionConfigurationPlatforms) = preSolution
		Debug|Any CPU = Debug|Any CPU
		Release|Any CPU = Release|Any CPU
	EndGlobalSection
	GlobalSection(ProjectConfigurationPlatforms) = postSolution
		{DF06E456-0BE4-4C06-8B1E-7737E3C8BB67}.Debug|Any CPU.ActiveCfg = Debug|Any CPU
		{DF06E456-0BE4-4C06-8B1E-7737E3C8BB67}.Debug|Any CPU.Build.0 = Debug|Any CPU
		{DF06E456-0BE4-4C06-8B1E-7737E3C8BB67}.Release|Any CPU.ActiveCfg = Release|Any CPU
		{DF06E456-0BE4-4C06-8B1E-7737E3C8BB67}.Release|Any CPU.Build.0 = Release|Any CPU
		{3A628943-002F-474F-A049-BDF0D7328CBE}.Debug|Any CPU.ActiveCfg = Debug|Any CPU
		{3A628943-002F-474F-A049-BDF0D7328CBE}.Debug|Any CPU.Build.0 = Debug|Any CPU
		{3A628943-002F-474F-A049-BDF0D7328CBE}.Release|Any CPU.ActiveCfg = Release|Any CPU
		{3A628943-002F-474F-A049-BDF0D7328CBE}.Release|Any CPU.Build.0 = Release|Any CPU
	EndGlobalSection
	GlobalSection(SolutionProperties) = preSolution
		HideSolutionNode = FALSE
	EndGlobalSection
	GlobalSection(ExtensibilityGlobals) = postSolution
		SolutionGuid = {A90B4628-9230-4195-A25F-0F9EED43019A}
	EndGlobalSection
EndGlobal
